
Microsoft Visual Studio Solution File, Format Version 12.00
# Visual Studio Version 16
VisualStudioVersion = 16.0.30330.147
MinimumVisualStudioVersion = 10.0.40219.1
Project("{FAE04EC0-301F-11D3-BF4B-00C04F79EFBC}") = "HelloWorld", "HelloWorld\HelloWorld.csproj", "{3421BEE6-749E-4D50-90A4-206A4798CF83}"
EndProject
Global
	GlobalSection(SolutionConfigurationPlatforms) = preSolution
		Debug|Any CPU = Debug|Any CPU
		Release|Any CPU = Release|Any CPU
	EndGlobalSection
	GlobalSection(ProjectConfigurationPlatforms) = postSolution
		{3421BEE6-749E-4D50-90A4-206A4798CF83}.Debug|Any CPU.ActiveCfg = Debug|Any CPU
		{3421BEE6-749E-4D50-90A4-206A4798CF83}.Debug|Any CPU.Build.0 = Debug|Any CPU
		{3421BEE6-749E-4D50-90A4-206A4798CF83}.Release|Any CPU.ActiveCfg = Release|Any CPU
		{3421BEE6-749E-4D50-90A4-206A4798CF83}.Release|Any CPU.Build.0 = Release|Any CPU
	EndGlobalSection
	GlobalSection(SolutionProperties) = preSolution
		HideSolutionNode = FALSE
	EndGlobalSection
	GlobalSection(ExtensibilityGlobals) = postSolution
		SolutionGuid = {6D2B3F3F-5B9F-4DD1-BCEF-CDEA84276350}
	EndGlobalSection
EndGlobal
